{
  "requires": true,
  "lockfileVersion": 1,
  "dependencies": {
    "tocbot": {
      "version": "4.11.1",
      "resolved": "https://registry.npmjs.org/tocbot/-/tocbot-4.11.1.tgz",
      "integrity": "sha512-JU2l8p2fvbg1Eo+zcWEo/XeVWlAbwyuF/p4mGf5FLRdj5jRSCyj/BJfHC6AIZo8PjA4O5VPidWaVFAbqIdyfHw=="
    }
  }
}
